
Microsoft Visual Studio Solution File, Format Version 12.00
# Visual Studio 15
VisualStudioVersion = 15.0.27703.2026
MinimumVisualStudioVersion = 10.0.40219.1
Project("{9A19103F-16F7-4668-BE54-9A1E7A4F7556}") = "MarkSFrancis.Reporting", "MarkSFrancis.Reporting\MarkSFrancis.Reporting.csproj", "{D2BE9B1F-37E8-4A76-9843-6AE8E389BA1E}"
EndProject
Project("{9A19103F-16F7-4668-BE54-9A1E7A4F7556}") = "MarkSFrancis.Reporting.Tests", "MarkSFrancis.Reporting.Tests\MarkSFrancis.Reporting.Tests.csproj", "{C97B2515-5E46-4905-B691-1BFC7B51D813}"
EndProject
Global
	GlobalSection(SolutionConfigurationPlatforms) = preSolution
		Debug|Any CPU = Debug|Any CPU
		Release|Any CPU = Release|Any CPU
	EndGlobalSection
	GlobalSection(ProjectConfigurationPlatforms) = postSolution
		{D2BE9B1F-37E8-4A76-9843-6AE8E389BA1E}.Debug|Any CPU.ActiveCfg = Debug|Any CPU
		{D2BE9B1F-37E8-4A76-9843-6AE8E389BA1E}.Debug|Any CPU.Build.0 = Debug|Any CPU
		{D2BE9B1F-37E8-4A76-9843-6AE8E389BA1E}.Release|Any CPU.ActiveCfg = Release|Any CPU
		{D2BE9B1F-37E8-4A76-9843-6AE8E389BA1E}.Release|Any CPU.Build.0 = Release|Any CPU
		{C97B2515-5E46-4905-B691-1BFC7B51D813}.Debug|Any CPU.ActiveCfg = Debug|Any CPU
		{C97B2515-5E46-4905-B691-1BFC7B51D813}.Debug|Any CPU.Build.0 = Debug|Any CPU
		{C97B2515-5E46-4905-B691-1BFC7B51D813}.Release|Any CPU.ActiveCfg = Release|Any CPU
		{C97B2515-5E46-4905-B691-1BFC7B51D813}.Release|Any CPU.Build.0 = Release|Any CPU
	EndGlobalSection
	GlobalSection(SolutionProperties) = preSolution
		HideSolutionNode = FALSE
	EndGlobalSection
	GlobalSection(NestedProjects) = preSolution
		{C97B2515-5E46-4905-B691-1BFC7B51D813} = {403E5407-42DE-420C-9143-2F288E67C472}
	EndGlobalSection
	GlobalSection(ExtensibilityGlobals) = postSolution
		SolutionGuid = {B3D2D10B-6178-4484-B9A9-9615ABA96502}
	EndGlobalSection
EndGlobal
